
Microsoft Visual Studio Solution File, Format Version 12.00
# Visual Studio Version 17
VisualStudioVersion = 17.7.34221.43
MinimumVisualStudioVersion = 10.0.40219.1
Project("{888888A0-9F3D-457C-B088-3A5042F75D52}") = "SecurePurchasing", "SecurePurchasing\SecurePurchasing.pyproj", "{5E74EB8B-1E83-474B-BBB5-592BA44BD4FC}"
EndProject
Global
	GlobalSection(SolutionConfigurationPlatforms) = preSolution
		Debug|Any CPU = Debug|Any CPU
		Release|Any CPU = Release|Any CPU
	EndGlobalSection
	GlobalSection(ProjectConfigurationPlatforms) = postSolution
		{5E74EB8B-1E83-474B-BBB5-592BA44BD4FC}.Debug|Any CPU.ActiveCfg = Debug|Any CPU
		{5E74EB8B-1E83-474B-BBB5-592BA44BD4FC}.Release|Any CPU.ActiveCfg = Release|Any CPU
	EndGlobalSection
	GlobalSection(SolutionProperties) = preSolution
		HideSolutionNode = FALSE
	EndGlobalSection
	GlobalSection(ExtensibilityGlobals) = postSolution
		SolutionGuid = {8AF2362E-DE51-4BD1-81C8-274B88C4664B}
	EndGlobalSection
EndGlobal
